// !$*UTF8*$!
{
	archiveVersion = 1;
	classes = {
	};
	objectVersion = 56;
	objects = {

/* Begin PBXBuildFile section */
		281E29F82C8ACA45008E2FE4 /* iosExampleApp.swift in Sources */ = {isa = PBXBuildFile; fileRef = 281E29F72C8ACA45008E2FE4 /* iosExampleApp.swift */; };
		281E29FA2C8ACA45008E2FE4 /* ContentView.swift in Sources */ = {isa = PBXBuildFile; fileRef = 281E29F92C8ACA45008E2FE4 /* ContentView.swift */; };
		281E29FC2C8ACA45008E2FE4 /* Assets.xcassets in Resources */ = {isa = PBXBuildFile; fileRef = 281E29FB2C8ACA45008E2FE4 /* Assets.xcassets */; };
		281E29FF2C8ACA45008E2FE4 /* Preview Assets.xcassets in Resources */ = {isa = PBXBuildFile; fileRef = 281E29FE2C8ACA45008E2FE4 /* Preview Assets.xcassets */; };
		281E2A092C8ACA45008E2FE4 /* iosExampleTests.swift in Sources */ = {isa = PBXBuildFile; fileRef = 281E2A082C8ACA45008E2FE4 /* iosExampleTests.swift */; };
		281E2A132C8ACA45008E2FE4 /* iosExampleUITests.swift in Sources */ = {isa = PBXBuildFile; fileRef = 281E2A122C8ACA45008E2FE4 /* iosExampleUITests.swift */; };
		281E2A152C8ACA45008E2FE4 /* iosExampleUITestsLaunchTests.swift in Sources */ = {isa = PBXBuildFile; fileRef = 281E2A142C8ACA45008E2FE4 /* iosExampleUITestsLaunchTests.swift */; };
/* End PBXBuildFile section */

/* Begin PBXContainerItemProxy section */
		281E2A052C8ACA45008E2FE4 /* PBXContainerItemProxy */ = {
			isa = PBXContainerItemProxy;
			containerPortal = 281E29EC2C8ACA44008E2FE4 /* Project object */;
			proxyType = 1;
			remoteGlobalIDString = 281E29F32C8ACA45008E2FE4;
			remoteInfo = iosExample;
		};
		281E2A0F2C8ACA45008E2FE4 /* PBXContainerItemProxy */ = {
			isa = PBXContainerItemProxy;
			containerPortal = 281E29EC2C8ACA44008E2FE4 /* Project object */;
			proxyType = 1;
			remoteGlobalIDString = 281E29F32C8ACA45008E2FE4;
			remoteInfo = iosExample;
		};
/* End PBXContainerItemProxy section */

/* Begin PBXFileReference section */
		281E29F42C8ACA45008E2FE4 /* iosExample.app */ = {isa = PBXFileReference; explicitFileType = wrapper.application; includeInIndex = 0; path = iosExample.app; sourceTree = BUILT_PRODUCTS_DIR; };
		281E29F72C8ACA45008E2FE4 /* iosExampleApp.swift */ = {isa = PBXFileReference; lastKnownFileType = sourcecode.swift; path = iosExampleApp.swift; sourceTree = "<group>"; };
		281E29F92C8ACA45008E2FE4 /* ContentView.swift */ = {isa = PBXFileReference; lastKnownFileType = sourcecode.swift; path = ContentView.swift; sourceTree = "<group>"; };
		281E29FB2C8ACA45008E2FE4 /* Assets.xcassets */ = {isa = PBXFileReference; lastKnownFileType = folder.assetcatalog; path = Assets.xcassets; sourceTree = "<group>"; };
		281E29FE2C8ACA45008E2FE4 /* Preview Assets.xcassets */ = {isa = PBXFileReference; lastKnownFileType = folder.assetcatalog; path = "Preview Assets.xcassets"; sourceTree = "<group>"; };
		281E2A042C8ACA45008E2FE4 /* iosExampleTests.xctest */ = {isa = PBXFileReference; explicitFileType = wrapper.cfbundle; includeInIndex = 0; path = iosExampleTests.xctest; sourceTree = BUILT_PRODUCTS_DIR; };
		281E2A082C8ACA45008E2FE4 /* iosExampleTests.swift */ = {isa = PBXFileReference; lastKnownFileType = sourcecode.swift; path = iosExampleTests.swift; sourceTree = "<group>"; };
		281E2A0E2C8ACA45008E2FE4 /* iosExampleUITests.xctest */ = {isa = PBXFileReference; explicitFileType = wrapper.cfbundle; includeInIndex = 0; path = iosExampleUITests.xctest; sourceTree = BUILT_PRODUCTS_DIR; };
		281E2A122C8ACA45008E2FE4 /* iosExampleUITests.swift */ = {isa = PBXFileReference; lastKnownFileType = sourcecode.swift; path = iosExampleUITests.swift; sourceTree = "<group>"; };
		281E2A142C8ACA45008E2FE4 /* iosExampleUITestsLaunchTests.swift */ = {isa = PBXFileReference; lastKnownFileType = sourcecode.swift; path = iosExampleUITestsLaunchTests.swift; sourceTree = "<group>"; };
/* End PBXFileReference section */

/* Begin PBXFrameworksBuildPhase section */
		281E29F12C8ACA45008E2FE4 /* Frameworks */ = {
			isa = PBXFrameworksBuildPhase;
			buildActionMask = 2147483647;
			files = (
			);
			runOnlyForDeploymentPostprocessing = 0;
		};
		281E2A012C8ACA45008E2FE4 /* Frameworks */ = {
			isa = PBXFrameworksBuildPhase;
			buildActionMask = 2147483647;
			files = (
			);
			runOnlyForDeploymentPostprocessing = 0;
		};
		281E2A0B2C8ACA45008E2FE4 /* Frameworks */ = {
			isa = PBXFrameworksBuildPhase;
			buildActionMask = 2147483647;
			files = (
			);
			runOnlyForDeploymentPostprocessing = 0;
		};
/* End PBXFrameworksBuildPhase section */

/* Begin PBXGroup section */
		281E29EB2C8ACA44008E2FE4 = {
			isa = PBXGroup;
			children = (
				281E29F62C8ACA45008E2FE4 /* iosExample */,
				281E2A072C8ACA45008E2FE4 /* iosExampleTests */,
				281E2A112C8ACA45008E2FE4 /* iosExampleUITests */,
				281E29F52C8ACA45008E2FE4 /* Products */,
			);
			sourceTree = "<group>";
		};
		281E29F52C8ACA45008E2FE4 /* Products */ = {
			isa = PBXGroup;
			children = (
				281E29F42C8ACA45008E2FE4 /* iosExample.app */,
				281E2A042C8ACA45008E2FE4 /* iosExampleTests.xctest */,
				281E2A0E2C8ACA45008E2FE4 /* iosExampleUITests.xctest */,
			);
			name = Products;
			sourceTree = "<group>";
		};
		281E29F62C8ACA45008E2FE4 /* iosExample */ = {
			isa = PBXGroup;
			children = (
				281E29F72C8ACA45008E2FE4 /* iosExampleApp.swift */,
				281E29F92C8ACA45008E2FE4 /* ContentView.swift */,
				281E29FB2C8ACA45008E2FE4 /* Assets.xcassets */,
				281E29FD2C8ACA45008E2FE4 /* Preview Content */,
			);
			path = iosExample;
			sourceTree = "<group>";
		};
		281E29FD2C8ACA45008E2FE4 /* Preview Content */ = {
			isa = PBXGroup;
			children = (
				281E29FE2C8ACA45008E2FE4 /* Preview Assets.xcassets */,
			);
			path = "Preview Content";
			sourceTree = "<group>";
		};
		281E2A072C8ACA45008E2FE4 /* iosExampleTests */ = {
			isa = PBXGroup;
			children = (
				281E2A082C8ACA45008E2FE4 /* iosExampleTests.swift */,
			);
			path = iosExampleTests;
			sourceTree = "<group>";
		};
		281E2A112C8ACA45008E2FE4 /* iosExampleUITests */ = {
			isa = PBXGroup;
			children = (
				281E2A122C8ACA45008E2FE4 /* iosExampleUITests.swift */,
				281E2A142C8ACA45008E2FE4 /* iosExampleUITestsLaunchTests.swift */,
			);
			path = iosExampleUITests;
			sourceTree = "<group>";
		};
/* End PBXGroup section */

/* Begin PBXNativeTarget section */
		281E29F32C8ACA45008E2FE4 /* iosExample */ = {
			isa = PBXNativeTarget;
			buildConfigurationList = 281E2A182C8ACA45008E2FE4 /* Build configuration list for PBXNativeTarget "iosExample" */;
			buildPhases = (
				281E29F02C8ACA45008E2FE4 /* Sources */,
				281E29F12C8ACA45008E2FE4 /* Frameworks */,
				281E29F22C8ACA45008E2FE4 /* Resources */,
			);
			buildRules = (
			);
			dependencies = (
			);
			name = iosExample;
			productName = iosExample;
			productReference = 281E29F42C8ACA45008E2FE4 /* iosExample.app */;
			productType = "com.apple.product-type.application";
		};
		281E2A032C8ACA45008E2FE4 /* iosExampleTests */ = {
			isa = PBXNativeTarget;
			buildConfigurationList = 281E2A1B2C8ACA45008E2FE4 /* Build configuration list for PBXNativeTarget "iosExampleTests" */;
			buildPhases = (
				281E2A002C8ACA45008E2FE4 /* Sources */,
				281E2A012C8ACA45008E2FE4 /* Frameworks */,
				281E2A022C8ACA45008E2FE4 /* Resources */,
			);
			buildRules = (
			);
			dependencies = (
				281E2A062C8ACA45008E2FE4 /* PBXTargetDependency */,
			);
			name = iosExampleTests;
			productName = iosExampleTests;
			productReference = 281E2A042C8ACA45008E2FE4 /* iosExampleTests.xctest */;
			productType = "com.apple.product-type.bundle.unit-test";
		};
		281E2A0D2C8ACA45008E2FE4 /* iosExampleUITests */ = {
			isa = PBXNativeTarget;
			buildConfigurationList = 281E2A1E2C8ACA45008E2FE4 /* Build configuration list for PBXNativeTarget "iosExampleUITests" */;
			buildPhases = (
				281E2A0A2C8ACA45008E2FE4 /* Sources */,
				281E2A0B2C8ACA45008E2FE4 /* Frameworks */,
				281E2A0C2C8ACA45008E2FE4 /* Resources */,
			);
			buildRules = (
			);
			dependencies = (
				281E2A102C8ACA45008E2FE4 /* PBXTargetDependency */,
			);
			name = iosExampleUITests;
			productName = iosExampleUITests;
			productReference = 281E2A0E2C8ACA45008E2FE4 /* iosExampleUITests.xctest */;
			productType = "com.apple.product-type.bundle.ui-testing";
		};
/* End PBXNativeTarget section */

/* Begin PBXProject section */
		281E29EC2C8ACA44008E2FE4 /* Project object */ = {
			isa = PBXProject;
			attributes = {
				BuildIndependentTargetsInParallel = 1;
				LastSwiftUpdateCheck = 1540;
				LastUpgradeCheck = 1540;
				TargetAttributes = {
					281E29F32C8ACA45008E2FE4 = {
						CreatedOnToolsVersion = 15.4;
					};
					281E2A032C8ACA45008E2FE4 = {
						CreatedOnToolsVersion = 15.4;
						TestTargetID = 281E29F32C8ACA45008E2FE4;
					};
					281E2A0D2C8ACA45008E2FE4 = {
						CreatedOnToolsVersion = 15.4;
						TestTargetID = 281E29F32C8ACA45008E2FE4;
					};
				};
			};
			buildConfigurationList = 281E29EF2C8ACA44008E2FE4 /* Build configuration list for PBXProject "iosExample" */;
			compatibilityVersion = "Xcode 14.0";
			developmentRegion = en;
			hasScannedForEncodings = 0;
			knownRegions = (
				en,
				Base,
			);
			mainGroup = 281E29EB2C8ACA44008E2FE4;
			productRefGroup = 281E29F52C8ACA45008E2FE4 /* Products */;
			projectDirPath = "";
			projectRoot = "";
			targets = (
				281E29F32C8ACA45008E2FE4 /* iosExample */,
				281E2A032C8ACA45008E2FE4 /* iosExampleTests */,
				281E2A0D2C8ACA45008E2FE4 /* iosExampleUITests */,
			);
		};
/* End PBXProject section */

/* Begin PBXResourcesBuildPhase section */
		281E29F22C8ACA45008E2FE4 /* Resources */ = {
			isa = PBXResourcesBuildPhase;
			buildActionMask = 2147483647;
			files = (
				281E29FF2C8ACA45008E2FE4 /* Preview Assets.xcassets in Resources */,
				281E29FC2C8ACA45008E2FE4 /* Assets.xcassets in Resources */,
			);
			runOnlyForDeploymentPostprocessing = 0;
		};
		281E2A022C8ACA45008E2FE4 /* Resources */ = {
			isa = PBXResourcesBuildPhase;
			buildActionMask = 2147483647;
			files = (
			);
			runOnlyForDeploymentPostprocessing = 0;
		};
		281E2A0C2C8ACA45008E2FE4 /* Resources */ = {
			isa = PBXResourcesBuildPhase;
			buildActionMask = 2147483647;
			files = (
			);
			runOnlyForDeploymentPostprocessing = 0;
		};
/* End PBXResourcesBuildPhase section */

/* Begin PBXSourcesBuildPhase section */
		281E29F02C8ACA45008E2FE4 /* Sources */ = {
			isa = PBXSourcesBuildPhase;
			buildActionMask = 2147483647;
			files = (
				281E29FA2C8ACA45008E2FE4 /* ContentView.swift in Sources */,
				281E29F82C8ACA45008E2FE4 /* iosExampleApp.swift in Sources */,
			);
			runOnlyForDeploymentPostprocessing = 0;
		};
		281E2A002C8ACA45008E2FE4 /* Sources */ = {
			isa = PBXSourcesBuildPhase;
			buildActionMask = 2147483647;
			files = (
				281E2A092C8ACA45008E2FE4 /* iosExampleTests.swift in Sources */,
			);
			runOnlyForDeploymentPostprocessing = 0;
		};
		281E2A0A2C8ACA45008E2FE4 /* Sources */ = {
			isa = PBXSourcesBuildPhase;
			buildActionMask = 2147483647;
			files = (
				281E2A132C8ACA45008E2FE4 /* iosExampleUITests.swift in Sources */,
				281E2A152C8ACA45008E2FE4 /* iosExampleUITestsLaunchTests.swift in Sources */,
			);
			runOnlyForDeploymentPostprocessing = 0;
		};
/* End PBXSourcesBuildPhase section */

/* Begin PBXTargetDependency section */
		281E2A062C8ACA45008E2FE4 /* PBXTargetDependency */ = {
			isa = PBXTargetDependency;
			target = 281E29F32C8ACA45008E2FE4 /* iosExample */;
			targetProxy = 281E2A052C8ACA45008E2FE4 /* PBXContainerItemProxy */;
		};
		281E2A102C8ACA45008E2FE4 /* PBXTargetDependency */ = {
			isa = PBXTargetDependency;
			target = 281E29F32C8ACA45008E2FE4 /* iosExample */;
			targetProxy = 281E2A0F2C8ACA45008E2FE4 /* PBXContainerItemProxy */;
		};
/* End PBXTargetDependency section */

/* Begin XCBuildConfiguration section */
		281E2A162C8ACA45008E2FE4 /* Debug */ = {
			isa = XCBuildConfiguration;
			buildSettings = {
				ALWAYS_SEARCH_USER_PATHS = NO;
				ASSETCATALOG_COMPILER_GENERATE_SWIFT_ASSET_SYMBOL_EXTENSIONS = YES;
				CLANG_ANALYZER_NONNULL = YES;
				CLANG_ANALYZER_NUMBER_OBJECT_CONVERSION = YES_AGGRESSIVE;
				CLANG_CXX_LANGUAGE_STANDARD = "gnu++20";
				CLANG_ENABLE_MODULES = YES;
				CLANG_ENABLE_OBJC_ARC = YES;
				CLANG_ENABLE_OBJC_WEAK = YES;
				CLANG_WARN_BLOCK_CAPTURE_AUTORELEASING = YES;
				CLANG_WARN_BOOL_CONVERSION = YES;
				CLANG_WARN_COMMA = YES;
				CLANG_WARN_CONSTANT_CONVERSION = YES;
				CLANG_WARN_DEPRECATED_OBJC_IMPLEMENTATIONS = YES;
				CLANG_WARN_DIRECT_OBJC_ISA_USAGE = YES_ERROR;
				CLANG_WARN_DOCUMENTATION_COMMENTS = YES;
				CLANG_WARN_EMPTY_BODY = YES;
				CLANG_WARN_ENUM_CONVERSION = YES;
				CLANG_WARN_INFINITE_RECURSION = YES;
				CLANG_WARN_INT_CONVERSION = YES;
				CLANG_WARN_NON_LITERAL_NULL_CONVERSION = YES;
				CLANG_WARN_OBJC_IMPLICIT_RETAIN_SELF = YES;
				CLANG_WARN_OBJC_LITERAL_CONVERSION = YES;
				CLANG_WARN_OBJC_ROOT_CLASS = YES_ERROR;
				CLANG_WARN_QUOTED_INCLUDE_IN_FRAMEWORK_HEADER = YES;
				CLANG_WARN_RANGE_LOOP_ANALYSIS = YES;
				CLANG_WARN_STRICT_PROTOTYPES = YES;
				CLANG_WARN_SUSPICIOUS_MOVE = YES;
				CLANG_WARN_UNGUARDED_AVAILABILITY = YES_AGGRESSIVE;
				CLANG_WARN_UNREACHABLE_CODE = YES;
				CLANG_WARN__DUPLICATE_METHOD_MATCH = YES;
				COPY_PHASE_STRIP = NO;
				DEBUG_INFORMATION_FORMAT = dwarf;
				ENABLE_STRICT_OBJC_MSGSEND = YES;
				ENABLE_TESTABILITY = YES;
				ENABLE_USER_SCRIPT_SANDBOXING = YES;
				GCC_C_LANGUAGE_STANDARD = gnu17;
				GCC_DYNAMIC_NO_PIC = NO;
				GCC_NO_COMMON_BLOCKS = YES;
				GCC_OPTIMIZATION_LEVEL = 0;
				GCC_PREPROCESSOR_DEFINITIONS = (
					"DEBUG=1",
					"$(inherited)",
				);
				GCC_WARN_64_TO_32_BIT_CONVERSION = YES;
				GCC_WARN_ABOUT_RETURN_TYPE = YES_ERROR;
				GCC_WARN_UNDECLARED_SELECTOR = YES;
				GCC_WARN_UNINITIALIZED_AUTOS = YES_AGGRESSIVE;
				GCC_WARN_UNUSED_FUNCTION = YES;
				GCC_WARN_UNUSED_VARIABLE = YES;
				IPHONEOS_DEPLOYMENT_TARGET = 17.5;
				LOCALIZATION_PREFERS_STRING_CATALOGS = YES;
				MTL_ENABLE_DEBUG_INFO = INCLUDE_SOURCE;
				MTL_FAST_MATH = YES;
				ONLY_ACTIVE_ARCH = YES;
				SDKROOT = iphoneos;
				SWIFT_ACTIVE_COMPILATION_CONDITIONS = "DEBUG $(inherited)";
				SWIFT_OPTIMIZATION_LEVEL = "-Onone";
			};
			name = Debug;
		};
		281E2A172C8ACA45008E2FE4 /* Release */ = {
			isa = XCBuildConfiguration;
			buildSettings = {
				ALWAYS_SEARCH_USER_PATHS = NO;
				ASSETCATALOG_COMPILER_GENERATE_SWIFT_ASSET_SYMBOL_EXTENSIONS = YES;
				CLANG_ANALYZER_NONNULL = YES;
				CLANG_ANALYZER_NUMBER_OBJECT_CONVERSION = YES_AGGRESSIVE;
				CLANG_CXX_LANGUAGE_STANDARD = "gnu++20";
				CLANG_ENABLE_MODULES = YES;
				CLANG_ENABLE_OBJC_ARC = YES;
				CLANG_ENABLE_OBJC_WEAK = YES;
				CLANG_WARN_BLOCK_CAPTURE_AUTORELEASING = YES;
				CLANG_WARN_BOOL_CONVERSION = YES;
				CLANG_WARN_COMMA = YES;
				CLANG_WARN_CONSTANT_CONVERSION = YES;
				CLANG_WARN_DEPRECATED_OBJC_IMPLEMENTATIONS = YES;
				CLANG_WARN_DIRECT_OBJC_ISA_USAGE = YES_ERROR;
				CLANG_WARN_DOCUMENTATION_COMMENTS = YES;
				CLANG_WARN_EMPTY_BODY = YES;
				CLANG_WARN_ENUM_CONVERSION = YES;
				CLANG_WARN_INFINITE_RECURSION = YES;
				CLANG_WARN_INT_CONVERSION = YES;
				CLANG_WARN_NON_LITERAL_NULL_CONVERSION = YES;
				CLANG_WARN_OBJC_IMPLICIT_RETAIN_SELF = YES;
				CLANG_WARN_OBJC_LITERAL_CONVERSION = YES;
				CLANG_WARN_OBJC_ROOT_CLASS = YES_ERROR;
				CLANG_WARN_QUOTED_INCLUDE_IN_FRAMEWORK_HEADER = YES;
				CLANG_WARN_RANGE_LOOP_ANALYSIS = YES;
				CLANG_WARN_STRICT_PROTOTYPES = YES;
				CLANG_WARN_SUSPICIOUS_MOVE = YES;
				CLANG_WARN_UNGUARDED_AVAILABILITY = YES_AGGRESSIVE;
				CLANG_WARN_UNREACHABLE_CODE = YES;
				CLANG_WARN__DUPLICATE_METHOD_MATCH = YES;
				COPY_PHASE_STRIP = NO;
				DEBUG_INFORMATION_FORMAT = "dwarf-with-dsym";
				ENABLE_NS_ASSERTIONS = NO;
				ENABLE_STRICT_OBJC_MSGSEND = YES;
				ENABLE_USER_SCRIPT_SANDBOXING = YES;
				GCC_C_LANGUAGE_STANDARD = gnu17;
				GCC_NO_COMMON_BLOCKS = YES;
				GCC_WARN_64_TO_32_BIT_CONVERSION = YES;
				GCC_WARN_ABOUT_RETURN_TYPE = YES_ERROR;
				GCC_WARN_UNDECLARED_SELECTOR = YES;
				GCC_WARN_UNINITIALIZED_AUTOS = YES_AGGRESSIVE;
				GCC_WARN_UNUSED_FUNCTION = YES;
				GCC_WARN_UNUSED_VARIABLE = YES;
				IPHONEOS_DEPLOYMENT_TARGET = 17.5;
				LOCALIZATION_PREFERS_STRING_CATALOGS = YES;
				MTL_ENABLE_DEBUG_INFO = NO;
				MTL_FAST_MATH = YES;
				SDKROOT = iphoneos;
				SWIFT_COMPILATION_MODE = wholemodule;
				VALIDATE_PRODUCT = YES;
			};
			name = Release;
		};
		281E2A192C8ACA45008E2FE4 /* Debug */ = {
			isa = XCBuildConfiguration;
			buildSettings = {
				ASSETCATALOG_COMPILER_APPICON_NAME = AppIcon;
				ASSETCATALOG_COMPILER_GLOBAL_ACCENT_COLOR_NAME = AccentColor;
				CODE_SIGN_STYLE = Automatic;
				CURRENT_PROJECT_VERSION = 1;
				DEVELOPMENT_ASSET_PATHS = "\"iosExample/Preview Content\"";
				DEVELOPMENT_TEAM = 4U4ADU3F9S;
				ENABLE_PREVIEWS = YES;
				GENERATE_INFOPLIST_FILE = YES;
				INFOPLIST_KEY_UIApplicationSceneManifest_Generation = YES;
				INFOPLIST_KEY_UIApplicationSupportsIndirectInputEvents = YES;
				INFOPLIST_KEY_UILaunchScreen_Generation = YES;
				INFOPLIST_KEY_UISupportedInterfaceOrientations_iPad = "UIInterfaceOrientationPortrait UIInterfaceOrientationPortraitUpsideDown UIInterfaceOrientationLandscapeLeft UIInterfaceOrientationLandscapeRight";
				INFOPLIST_KEY_UISupportedInterfaceOrientations_iPhone = "UIInterfaceOrientationPortrait UIInterfaceOrientationLandscapeLeft UIInterfaceOrientationLandscapeRight";
				LD_RUNPATH_SEARCH_PATHS = (
					"$(inherited)",
					"@executable_path/Frameworks",
				);
				MARKETING_VERSION = 1.0;
				PRODUCT_BUNDLE_IDENTIFIER = com.scc.iosExample;
				PRODUCT_NAME = "$(TARGET_NAME)";
				SWIFT_EMIT_LOC_STRINGS = YES;
				SWIFT_VERSION = 5.0;
				TARGETED_DEVICE_FAMILY = "1,2";
			};
			name = Debug;
		};
		281E2A1A2C8ACA45008E2FE4 /* Release */ = {
			isa = XCBuildConfiguration;
			buildSettings = {
				ASSETCATALOG_COMPILER_APPICON_NAME = AppIcon;
				ASSETCATALOG_COMPILER_GLOBAL_ACCENT_COLOR_NAME = AccentColor;
				CODE_SIGN_STYLE = Automatic;
				CURRENT_PROJECT_VERSION = 1;
				DEVELOPMENT_ASSET_PATHS = "\"iosExample/Preview Content\"";
				DEVELOPMENT_TEAM = 4U4ADU3F9S;
				ENABLE_PREVIEWS = YES;
				GENERATE_INFOPLIST_FILE = YES;
				INFOPLIST_KEY_UIApplicationSceneManifest_Generation = YES;
				INFOPLIST_KEY_UIApplicationSupportsIndirectInputEvents = YES;
				INFOPLIST_KEY_UILaunchScreen_Generation = YES;
				INFOPLIST_KEY_UISupportedInterfaceOrientations_iPad = "UIInterfaceOrientationPortrait UIInterfaceOrientationPortraitUpsideDown UIInterfaceOrientationLandscapeLeft UIInterfaceOrientationLandscapeRight";
				INFOPLIST_KEY_UISupportedInterfaceOrientations_iPhone = "UIInterfaceOrientationPortrait UIInterfaceOrientationLandscapeLeft UIInterfaceOrientationLandscapeRight";
				LD_RUNPATH_SEARCH_PATHS = (
					"$(inherited)",
					"@executable_path/Frameworks",
				);
				MARKETING_VERSION = 1.0;
				PRODUCT_BUNDLE_IDENTIFIER = com.scc.iosExample;
				PRODUCT_NAME = "$(TARGET_NAME)";
				SWIFT_EMIT_LOC_STRINGS = YES;
				SWIFT_VERSION = 5.0;
				TARGETED_DEVICE_FAMILY = "1,2";
			};
			name = Release;
		};
		281E2A1C2C8ACA45008E2FE4 /* Debug */ = {
			isa = XCBuildConfiguration;
			buildSettings = {
				ALWAYS_EMBED_SWIFT_STANDARD_LIBRARIES = YES;
				BUNDLE_LOADER = "$(TEST_HOST)";
				CODE_SIGN_STYLE = Automatic;
				CURRENT_PROJECT_VERSION = 1;
				DEVELOPMENT_TEAM = 4U4ADU3F9S;
				GENERATE_INFOPLIST_FILE = YES;
				IPHONEOS_DEPLOYMENT_TARGET = 17.5;
				MARKETING_VERSION = 1.0;
				PRODUCT_BUNDLE_IDENTIFIER = com.scc.iosExampleTests;
				PRODUCT_NAME = "$(TARGET_NAME)";
				SWIFT_EMIT_LOC_STRINGS = NO;
				SWIFT_VERSION = 5.0;
				TARGETED_DEVICE_FAMILY = "1,2";
				TEST_HOST = "$(BUILT_PRODUCTS_DIR)/iosExample.app/$(BUNDLE_EXECUTABLE_FOLDER_PATH)/iosExample";
			};
			name = Debug;
		};
		281E2A1D2C8ACA45008E2FE4 /* Release */ = {
			isa = XCBuildConfiguration;
			buildSettings = {
				ALWAYS_EMBED_SWIFT_STANDARD_LIBRARIES = YES;
				BUNDLE_LOADER = "$(TEST_HOST)";
				CODE_SIGN_STYLE = Automatic;
				CURRENT_PROJECT_VERSION = 1;
				DEVELOPMENT_TEAM = 4U4ADU3F9S;
				GENERATE_INFOPLIST_FILE = YES;
				IPHONEOS_DEPLOYMENT_TARGET = 17.5;
				MARKETING_VERSION = 1.0;
				PRODUCT_BUNDLE_IDENTIFIER = com.scc.iosExampleTests;
				PRODUCT_NAME = "$(TARGET_NAME)";
				SWIFT_EMIT_LOC_STRINGS = NO;
				SWIFT_VERSION = 5.0;
				TARGETED_DEVICE_FAMILY = "1,2";
				TEST_HOST = "$(BUILT_PRODUCTS_DIR)/iosExample.app/$(BUNDLE_EXECUTABLE_FOLDER_PATH)/iosExample";
			};
			name = Release;
		};
		281E2A1F2C8ACA45008E2FE4 /* Debug */ = {
			isa = XCBuildConfiguration;
			buildSettings = {
				ALWAYS_EMBED_SWIFT_STANDARD_LIBRARIES = YES;
				CODE_SIGN_STYLE = Automatic;
				CURRENT_PROJECT_VERSION = 1;
				DEVELOPMENT_TEAM = 4U4ADU3F9S;
				GENERATE_INFOPLIST_FILE = YES;
				MARKETING_VERSION = 1.0;
				PRODUCT_BUNDLE_IDENTIFIER = com.scc.iosExampleUITests;
				PRODUCT_NAME = "$(TARGET_NAME)";
				SWIFT_EMIT_LOC_STRINGS = NO;
				SWIFT_VERSION = 5.0;
				TARGETED_DEVICE_FAMILY = "1,2";
				TEST_TARGET_NAME = iosExample;
			};
			name = Debug;
		};
		281E2A202C8ACA45008E2FE4 /* Release */ = {
			isa = XCBuildConfiguration;
			buildSettings = {
				ALWAYS_EMBED_SWIFT_STANDARD_LIBRARIES = YES;
				CODE_SIGN_STYLE = Automatic;
				CURRENT_PROJECT_VERSION = 1;
				DEVELOPMENT_TEAM = 4U4ADU3F9S;
				GENERATE_INFOPLIST_FILE = YES;
				MARKETING_VERSION = 1.0;
				PRODUCT_BUNDLE_IDENTIFIER = com.scc.iosExampleUITests;
				PRODUCT_NAME = "$(TARGET_NAME)";
				SWIFT_EMIT_LOC_STRINGS = NO;
				SWIFT_VERSION = 5.0;
				TARGETED_DEVICE_FAMILY = "1,2";
				TEST_TARGET_NAME = iosExample;
			};
			name = Release;
		};
/* End XCBuildConfiguration section */

/* Begin XCConfigurationList section */
		281E29EF2C8ACA44008E2FE4 /* Build configuration list for PBXProject "iosExample" */ = {
			isa = XCConfigurationList;
			buildConfigurations = (
				281E2A162C8ACA45008E2FE4 /* Debug */,
				281E2A172C8ACA45008E2FE4 /* Release */,
			);
			defaultConfigurationIsVisible = 0;
			defaultConfigurationName = Release;
		};
		281E2A182C8ACA45008E2FE4 /* Build configuration list for PBXNativeTarget "iosExample" */ = {
			isa = XCConfigurationList;
			buildConfigurations = (
				281E2A192C8ACA45008E2FE4 /* Debug */,
				281E2A1A2C8ACA45008E2FE4 /* Release */,
			);
			defaultConfigurationIsVisible = 0;
			defaultConfigurationName = Release;
		};
		281E2A1B2C8ACA45008E2FE4 /* Build configuration list for PBXNativeTarget "iosExampleTests" */ = {
			isa = XCConfigurationList;
			buildConfigurations = (
				281E2A1C2C8ACA45008E2FE4 /* Debug */,
				281E2A1D2C8ACA45008E2FE4 /* Release */,
			);
			defaultConfigurationIsVisible = 0;
			defaultConfigurationName = Release;
		};
		281E2A1E2C8ACA45008E2FE4 /* Build configuration list for PBXNativeTarget "iosExampleUITests" */ = {
			isa = XCConfigurationList;
			buildConfigurations = (
				281E2A1F2C8ACA45008E2FE4 /* Debug */,
				281E2A202C8ACA45008E2FE4 /* Release */,
			);
			defaultConfigurationIsVisible = 0;
			defaultConfigurationName = Release;
		};
/* End XCConfigurationList section */
	};
	rootObject = 281E29EC2C8ACA44008E2FE4 /* Project object */;
}
